<?xml version="1.0" encoding="UTF-8"?>
<Scheme
   LastUpgradeVersion = "1000"
   version = "1.3">
   <BuildAction
      parallelizeBuildables = "YES"
      buildImplicitDependencies = "YES">
      <BuildActionEntries>
         <BuildActionEntry
            buildForTesting = "YES"
            buildForRunning = "YES"
            buildForProfiling = "YES"
            buildForArchiving = "YES"
            buildForAnalyzing = "YES">
            <BuildableReference
               BuildableIdentifier = "primary"
               BlueprintIdentifier = "9B540BD32104F2B800169C89"
               BuildableName = "Xcode10-XcodeServer.app"
               BlueprintName = "Xcode10-XcodeServer"
               ReferencedContainer = "container:Xcode10-XcodeServer.xcodeproj">
            </BuildableReference>
         </BuildActionEntry>
      </BuildActionEntries>
   </BuildAction>
   <TestAction
      buildConfiguration = "Debug"
      selectedDebuggerIdentifier = "Xcode.DebuggerFoundation.Debugger.LLDB"
      selectedLauncherIdentifier = "Xcode.DebuggerFoundation.Launcher.LLDB"
      shouldUseLaunchSchemeArgsEnv = "YES">
      <Testables>
         <TestableReference
            skipped = "NO">
            <BuildableReference
               BuildableIdentifier = "primary"
               BlueprintIdentifier = "9B540BE72104F2BC00169C89"
               BuildableName = "Xcode10-XcodeServerTests.xctest"
               BlueprintName = "Xcode10-XcodeServerTests"
               ReferencedContainer = "container:Xcode10-XcodeServer.xcodeproj">
            </BuildableReference>
         </TestableReference>
         <TestableReference
            skipped = "NO">
            <BuildableReference
               BuildableIdentifier = "primary"
               BlueprintIdentifier = "9B540BF22104F2BC00169C89"
               BuildableName = "Xcode10-XcodeServerUITests.xctest"
               BlueprintName = "Xcode10-XcodeServerUITests"
               ReferencedContainer = "container:Xcode10-XcodeServer.xcodeproj">
            </BuildableReference>
         </TestableReference>
      </Testables>
      <MacroExpansion>
         <BuildableReference
            BuildableIdentifier = "primary"
            BlueprintIdentifier = "9B540BD32104F2B800169C89"
            BuildableName = "Xcode10-XcodeServer.app"
            BlueprintName = "Xcode10-XcodeServer"
            ReferencedContainer = "container:Xcode10-XcodeServer.xcodeproj">
         </BuildableReference>
      </MacroExpansion>
      <AdditionalOptions>
      </AdditionalOptions>
   </TestAction>
   <LaunchAction
      buildConfiguration = "Debug"
      selectedDebuggerIdentifier = "Xcode.DebuggerFoundation.Debugger.LLDB"
      selectedLauncherIdentifier = "Xcode.DebuggerFoundation.Launcher.LLDB"
      launchStyle = "0"
      useCustomWorkingDirectory = "NO"
      ignoresPersistentStateOnLaunch = "NO"
      debugDocumentVersioning = "YES"
      debugServiceExtension = "internal"
      allowLocationSimulation = "YES">
      <BuildableProductRunnable
         runnableDebuggingMode = "0">
         <BuildableReference
            BuildableIdentifier = "primary"
            BlueprintIdentifier = "9B540BD32104F2B800169C89"
            BuildableName = "Xcode10-XcodeServer.app"
            BlueprintName = "Xcode10-XcodeServer"
            ReferencedContainer = "container:Xcode10-XcodeServer.xcodeproj">
         </BuildableReference>
      </BuildableProductRunnable>
      <AdditionalOptions>
      </AdditionalOptions>
   </LaunchAction>
   <ProfileAction
      buildConfiguration = "Release"
      shouldUseLaunchSchemeArgsEnv = "YES"
      savedToolIdentifier = ""
      useCustomWorkingDirectory = "NO"
      debugDocumentVersioning = "YES">
      <BuildableProductRunnable
         runnableDebuggingMode = "0">
         <BuildableReference
            BuildableIdentifier = "primary"
            BlueprintIdentifier = "9B540BD32104F2B800169C89"
            BuildableName = "Xcode10-XcodeServer.app"
            BlueprintName = "Xcode10-XcodeServer"
            ReferencedContainer = "container:Xcode10-XcodeServer.xcodeproj">
         </BuildableReference>
      </BuildableProductRunnable>
   </ProfileAction>
   <AnalyzeAction
      buildConfiguration = "Debug">
   </AnalyzeAction>
   <ArchiveAction
      buildConfiguration = "Release"
      revealArchiveInOrganizer = "YES">
   </ArchiveAction>
</Scheme>
